<?xml version="1.0" encoding="utf-8"?>
<Project ToolsVersion="4.0" xmlns="http://schemas.microsoft.com/developer/msbuild/2003">
  <ItemGroup>
    <Filter Include="Исходные файлы">
      <UniqueIdentifier>{4FC737F1-C7A5-4376-A066-2A32D752A2FF}</UniqueIdentifier>
      <Extensions>cpp;c;cc;cxx;c++;cppm;ixx;def;odl;idl;hpj;bat;asm;asmx</Extensions>
    </Filter>
    <Filter Include="Файлы заголовков">
      <UniqueIdentifier>{93995380-89BD-4b04-88EB-625FBE52EBFB}</UniqueIdentifier>
      <Extensions>h;hh;hpp;hxx;h++;hm;inl;inc;ipp;xsd</Extensions>
    </Filter>
    <Filter Include="Файлы ресурсов">
      <UniqueIdentifier>{67DA6AB6-F800-4c08-8B7A-83BB121AAD01}</UniqueIdentifier>
      <Extensions>rc;ico;cur;bmp;dlg;rc2;rct;bin;rgs;gif;jpg;jpeg;jpe;resx;tiff;tif;png;wav;mfcribbon-ms</Extensions>
    </Filter>
    <Filter Include="Файлы заголовков\Iterfaces">
      <UniqueIdentifier>{43ab277f-5d4c-4428-8a4b-d1fab3af1fd0}</UniqueIdentifier>
    </Filter>
    <Filter Include="Файлы заголовков\Classes">
      <UniqueIdentifier>{63d27e48-3598-4315-832a-64c2fc6179c0}</UniqueIdentifier>
    </Filter>
    <Filter Include="Файлы заголовков\Structures">
      <UniqueIdentifier>{ebdb11ed-d591-44d5-89a9-67f1d6b2dbf3}</UniqueIdentifier>
    </Filter>
    <Filter Include="Файлы заголовков\Functions">
      <UniqueIdentifier>{3f2f3cec-528e-45b4-ac1d-5d73531ab63a}</UniqueIdentifier>
    </Filter>
    <Filter Include="Файлы заголовков\Classes\Container">
      <UniqueIdentifier>{3d2ef39f-070f-4f86-bee3-8ef96fec65ad}</UniqueIdentifier>
    </Filter>
    <Filter Include="Файлы заголовков\Iterfaces\Iterators">
      <UniqueIdentifier>{cfbb7d00-8c21-4e8a-9f8c-cb356c01b272}</UniqueIdentifier>
    </Filter>
    <Filter Include="Файлы заголовков\Iterfaces\Containers">
      <UniqueIdentifier>{126bebe1-4de0-4b90-bd17-c8b1e56fb35b}</UniqueIdentifier>
    </Filter>
    <Filter Include="Файлы заголовков\Iterfaces\Iterators\Currents">
      <UniqueIdentifier>{cd8407cb-3f9a-4669-aee0-9d7121f2b81a}</UniqueIdentifier>
    </Filter>
    <Filter Include="Файлы заголовков\Classes\Iterators">
      <UniqueIdentifier>{07a93418-8354-4c72-8ba6-d36c68d342d8}</UniqueIdentifier>
    </Filter>
    <Filter Include="Файлы заголовков\Iterfaces\Iterable">
      <UniqueIdentifier>{fbfeeafa-95ac-4ca1-b77d-b1cec05820ac}</UniqueIdentifier>
    </Filter>
    <Filter Include="Файлы заголовков\Iterfaces\Iterable\Current">
      <UniqueIdentifier>{99afb97c-5857-4007-b78b-44a87afa944b}</UniqueIdentifier>
    </Filter>
    <Filter Include="Файлы заголовков\Iterfaces\Containers\Removeable">
      <UniqueIdentifier>{07cd5f5f-d456-467e-af09-4f6bc10043f0}</UniqueIdentifier>
    </Filter>
    <Filter Include="Файлы заголовков\Iterfaces\Containers\Addable">
      <UniqueIdentifier>{046e79e6-c348-4a48-95ff-ed5990e579ad}</UniqueIdentifier>
    </Filter>
    <Filter Include="Файлы заголовков\Iterfaces\Containers\Takeable">
      <UniqueIdentifier>{495f3dab-0b18-4a34-ac6e-53c1b8f3fed4}</UniqueIdentifier>
    </Filter>
    <Filter Include="Файлы заголовков\Iterfaces\Containers\Takeable\ValueTakeable">
      <UniqueIdentifier>{8cfb8ae9-196b-4003-84b8-cbeec798bda0}</UniqueIdentifier>
    </Filter>
    <Filter Include="Файлы заголовков\Iterfaces\Containers\Currents">
      <UniqueIdentifier>{2614f07b-2cd5-4808-8c55-1fc18a766dbd}</UniqueIdentifier>
    </Filter>
    <Filter Include="Файлы заголовков\Classes\Container\Stack">
      <UniqueIdentifier>{8a288021-4786-47d0-a64c-06753f03ee42}</UniqueIdentifier>
    </Filter>
  </ItemGroup>
  <ItemGroup>
    <ClCompile Include="Test.cpp">
      <Filter>Исходные файлы</Filter>
    </ClCompile>
    <ClCompile Include="DynamicArray.cpp">
      <Filter>Файлы заголовков\Classes\Container</Filter>
    </ClCompile>
    <ClCompile Include="ConstForwardIterator.cpp">
      <Filter>Файлы заголовков\Classes\Iterators</Filter>
    </ClCompile>
    <ClCompile Include="DoubleLinkedList.cpp">
      <Filter>Файлы заголовков\Classes\Container</Filter>
    </ClCompile>
    <ClCompile Include="DoubleLinkedListSegment.cpp">
      <Filter>Файлы заголовков\Structures</Filter>
    </ClCompile>
    <ClCompile Include="ConstBackIterator.cpp">
      <Filter>Файлы заголовков\Classes\Iterators</Filter>
    </ClCompile>
    <ClCompile Include="Stack.cpp">
      <Filter>Файлы заголовков\Classes\Container\Stack</Filter>
    </ClCompile>
    <ClCompile Include="MaxStack.cpp">
      <Filter>Файлы заголовков\Classes\Container\Stack</Filter>
    </ClCompile>
    <ClCompile Include="MinStack.cpp">
      <Filter>Файлы заголовков\Classes\Container\Stack</Filter>
    </ClCompile>
    <ClCompile Include="MinMaxStack.cpp">
      <Filter>Файлы заголовков\Classes\Container\Stack</Filter>
    </ClCompile>
  </ItemGroup>
  <ItemGroup>
    <ClInclude Include="Containers.h">
      <Filter>Файлы заголовков</Filter>
    </ClInclude>
    <ClInclude Include="IValueIteratorTakeable.h">
      <Filter>Файлы заголовков\Iterfaces\Iterators</Filter>
    </ClInclude>
    <ClInclude Include="IItemIteratorTakeable.h">
      <Filter>Файлы заголовков\Iterfaces\Iterators</Filter>
    </ClInclude>
    <ClInclude Include="IForwardMoveable.h">
      <Filter>Файлы заголовков\Iterfaces\Iterators</Filter>
    </ClInclude>
    <ClInclude Include="IBackMoveable.h">
      <Filter>Файлы заголовков\Iterfaces\Iterators</Filter>
    </ClInclude>
    <ClInclude Include="ISizeGetable.h">
      <Filter>Файлы заголовков\Iterfaces\Containers</Filter>
    </ClInclude>
    <ClInclude Include="IConstForwardIterator.h">
      <Filter>Файлы заголовков\Iterfaces\Iterators\Currents</Filter>
    </ClInclude>
    <ClInclude Include="IConstFullIterator.h">
      <Filter>Файлы заголовков\Iterfaces\Iterators\Currents</Filter>
    </ClInclude>
    <ClInclude Include="IForwardIterator.h">
      <Filter>Файлы заголовков\Iterfaces\Iterators\Currents</Filter>
    </ClInclude>
    <ClInclude Include="IFullIterator.h">
      <Filter>Файлы заголовков\Iterfaces\Iterators\Currents</Filter>
    </ClInclude>
    <ClInclude Include="DynamicArray.h">
      <Filter>Файлы заголовков\Classes\Container</Filter>
    </ClInclude>
    <ClInclude Include="ConstForwardIterator.h">
      <Filter>Файлы заголовков\Classes\Iterators</Filter>
    </ClInclude>
    <ClInclude Include="IValueIterableTakeable.h">
      <Filter>Файлы заголовков\Iterfaces\Iterable</Filter>
    </ClInclude>
    <ClInclude Include="IItemIterableTakeable.h">
      <Filter>Файлы заголовков\Iterfaces\Iterable</Filter>
    </ClInclude>
    <ClInclude Include="IConstForwardIterable.h">
      <Filter>Файлы заголовков\Iterfaces\Iterable\Current</Filter>
    </ClInclude>
    <ClInclude Include="IForwardIterable.h">
      <Filter>Файлы заголовков\Iterfaces\Iterable</Filter>
    </ClInclude>
    <ClInclude Include="IBackIterable.h">
      <Filter>Файлы заголовков\Iterfaces\Iterable</Filter>
    </ClInclude>
    <ClInclude Include="DoubleLinkedList.h">
      <Filter>Файлы заголовков\Classes\Container</Filter>
    </ClInclude>
    <ClInclude Include="DoubleLinkedListSegment.h">
      <Filter>Файлы заголовков\Structures</Filter>
    </ClInclude>
    <ClInclude Include="IConstBackIterable.h">
      <Filter>Файлы заголовков\Iterfaces\Iterable\Current</Filter>
    </ClInclude>
    <ClInclude Include="IConstBackIterator.h">
      <Filter>Файлы заголовков\Iterfaces\Iterators\Currents</Filter>
    </ClInclude>
    <ClInclude Include="ConstBackIterator.h">
      <Filter>Файлы заголовков\Classes\Iterators</Filter>
    </ClInclude>
    <ClInclude Include="IBackIterator.h">
      <Filter>Файлы заголовков\Iterfaces\Iterators\Currents</Filter>
    </ClInclude>
    <ClInclude Include="IAddable.h">
      <Filter>Файлы заголовков\Iterfaces\Containers\Addable</Filter>
    </ClInclude>
    <ClInclude Include="ISimpleAddable.h">
      <Filter>Файлы заголовков\Iterfaces\Containers\Addable</Filter>
    </ClInclude>
    <ClInclude Include="ISpecificAddable.h">
      <Filter>Файлы заголовков\Iterfaces\Containers\Addable</Filter>
    </ClInclude>
    <ClInclude Include="ISpecificRemoveable.h">
      <Filter>Файлы заголовков\Iterfaces\Containers\Removeable</Filter>
    </ClInclude>
    <ClInclude Include="IRemoveable.h">
      <Filter>Файлы заголовков\Iterfaces\Containers\Removeable</Filter>
    </ClInclude>
    <ClInclude Include="ISimpleRemoveable.h">
      <Filter>Файлы заголовков\Iterfaces\Containers\Removeable</Filter>
    </ClInclude>
    <ClInclude Include="ISimpleValueTakeable.h">
      <Filter>Файлы заголовков\Iterfaces\Containers\Takeable\ValueTakeable</Filter>
    </ClInclude>
    <ClInclude Include="IValueContainerTakeable.h">
      <Filter>Файлы заголовков\Iterfaces\Containers\Takeable\ValueTakeable</Filter>
    </ClInclude>
    <ClInclude Include="IItemContainerTakeable.h">
      <Filter>Файлы заголовков\Iterfaces\Containers\Takeable</Filter>
    </ClInclude>
    <ClInclude Include="IStackContainer.h">
      <Filter>Файлы заголовков\Iterfaces\Containers\Currents</Filter>
    </ClInclude>
    <ClInclude Include="ISpecificValueTakeable.h">
      <Filter>Файлы заголовков\Iterfaces\Containers\Takeable\ValueTakeable</Filter>
    </ClInclude>
    <ClInclude Include="Stack.h">
      <Filter>Файлы заголовков\Classes\Container\Stack</Filter>
    </ClInclude>
    <ClInclude Include="MaxStack.h">
      <Filter>Файлы заголовков\Classes\Container\Stack</Filter>
    </ClInclude>
    <ClInclude Include="MinStack.h">
      <Filter>Файлы заголовков\Classes\Container\Stack</Filter>
    </ClInclude>
    <ClInclude Include="MinMaxStack.h">
      <Filter>Файлы заголовков\Classes\Container\Stack</Filter>
    </ClInclude>
  </ItemGroup>
</Project>