<?xml version="1.0" encoding="utf-8"?>
<Project ToolsVersion="4.0" xmlns="http://schemas.microsoft.com/developer/msbuild/2003">
  <ItemGroup>
    <Filter Include="Исходные файлы">
      <UniqueIdentifier>{4FC737F1-C7A5-4376-A066-2A32D752A2FF}</UniqueIdentifier>
      <Extensions>cpp;c;cc;cxx;c++;cppm;ixx;def;odl;idl;hpj;bat;asm;asmx</Extensions>
    </Filter>
    <Filter Include="Файлы заголовков">
      <UniqueIdentifier>{93995380-89BD-4b04-88EB-625FBE52EBFB}</UniqueIdentifier>
      <Extensions>h;hh;hpp;hxx;h++;hm;inl;inc;ipp;xsd</Extensions>
    </Filter>
    <Filter Include="Файлы ресурсов">
      <UniqueIdentifier>{67DA6AB6-F800-4c08-8B7A-83BB121AAD01}</UniqueIdentifier>
      <Extensions>rc;ico;cur;bmp;dlg;rc2;rct;bin;rgs;gif;jpg;jpeg;jpe;resx;tiff;tif;png;wav;mfcribbon-ms</Extensions>
    </Filter>
    <Filter Include="Файлы заголовков\Iterfaces">
      <UniqueIdentifier>{43ab277f-5d4c-4428-8a4b-d1fab3af1fd0}</UniqueIdentifier>
    </Filter>
    <Filter Include="Файлы заголовков\Classes">
      <UniqueIdentifier>{63d27e48-3598-4315-832a-64c2fc6179c0}</UniqueIdentifier>
    </Filter>
    <Filter Include="Файлы заголовков\Structures">
      <UniqueIdentifier>{ebdb11ed-d591-44d5-89a9-67f1d6b2dbf3}</UniqueIdentifier>
    </Filter>
  </ItemGroup>
  <ItemGroup>
    <ClCompile Include="Test.cpp">
      <Filter>Исходные файлы</Filter>
    </ClCompile>
  </ItemGroup>
  <ItemGroup>
    <ClInclude Include="IAddable.h">
      <Filter>Файлы заголовков\Iterfaces</Filter>
    </ClInclude>
    <ClInclude Include="ISpecificAddable.h">
      <Filter>Файлы заголовков\Iterfaces</Filter>
    </ClInclude>
    <ClInclude Include="IRemovable.h">
      <Filter>Файлы заголовков\Iterfaces</Filter>
    </ClInclude>
    <ClInclude Include="ISpecificRemovable.h">
      <Filter>Файлы заголовков\Iterfaces</Filter>
    </ClInclude>
    <ClInclude Include="IIndexRemovable.h">
      <Filter>Файлы заголовков\Iterfaces</Filter>
    </ClInclude>
    <ClInclude Include="IIndexAddable.h">
      <Filter>Файлы заголовков\Iterfaces</Filter>
    </ClInclude>
    <ClInclude Include="Containers.h">
      <Filter>Файлы заголовков</Filter>
    </ClInclude>
    <ClInclude Include="IContainer.h">
      <Filter>Файлы заголовков\Iterfaces</Filter>
    </ClInclude>
    <ClInclude Include="ISpecificContainer.h">
      <Filter>Файлы заголовков\Iterfaces</Filter>
    </ClInclude>
    <ClInclude Include="IIndexContainer.h">
      <Filter>Файлы заголовков\Iterfaces</Filter>
    </ClInclude>
    <ClInclude Include="ISizable.h">
      <Filter>Файлы заголовков\Iterfaces</Filter>
    </ClInclude>
    <ClInclude Include="ICapacitable.h">
      <Filter>Файлы заголовков\Iterfaces</Filter>
    </ClInclude>
    <ClInclude Include="ITakable.h">
      <Filter>Файлы заголовков\Iterfaces</Filter>
    </ClInclude>
    <ClInclude Include="ISpecificTakable.h">
      <Filter>Файлы заголовков\Iterfaces</Filter>
    </ClInclude>
    <ClInclude Include="IIndexTakable.h">
      <Filter>Файлы заголовков\Iterfaces</Filter>
    </ClInclude>
  </ItemGroup>
</Project>